# generated by rye
# use `rye lock` or `rye sync` to update this lockfile
#
# last locked with the following flags:
#   pre: false
#   features: []
#   all-features: false
#   with-sources: false
#   generate-hashes: false
#   universal: false

-e file:.
bitarray==2.9.2
click==8.1.7
cloup==3.0.5
decorator==5.1.1
glcontext==3.0.0
iniconfig==2.0.0
isosurfaces==0.1.2
manim==0.18.1
manimpango==0.6.0
mapbox-earcut==1.0.2
markdown-it-py==3.0.0
mdurl==0.1.2
moderngl==5.11.1
moderngl-window==2.4.6
multipledispatch==1.0.0
networkx==3.3
numpy==1.26.4
packaging==24.1
pillow==10.4.0
pluggy==1.5.0
pycairo==1.27.0
pydub==0.25.1
pyglet==2.0.17
pygments==2.18.0
pyrr==0.10.3
pytest==8.3.3
rich==13.8.1
scipy==1.14.1
screeninfo==0.8.1
simpy==4.1.1
skia-pathops==0.8.0.post1
srt==3.5.3
svgelements==1.9.6
tqdm==4.66.5
typing-extensions==4.12.2
watchdog==5.0.3
